
Microsoft Visual Studio Solution File, Format Version 12.00
# Visual Studio Version 17
VisualStudioVersion = 17.12.35527.113
MinimumVisualStudioVersion = 10.0.40219.1
Project("{2150E333-8FDC-42A3-9474-1A3956D46DE8}") = "src", "src", "{34837296-42F5-4897-A459-52A4DE4356DF}"
EndProject
Project("{2150E333-8FDC-42A3-9474-1A3956D46DE8}") = "tests", "tests", "{4A19FC19-3EB1-400C-AFDF-F20CEC4038D2}"
EndProject
Project("{2150E333-8FDC-42A3-9474-1A3956D46DE8}") = "Auth", "Auth", "{A90B7DBE-0F31-40AD-8D0E-4715631366B2}"
EndProject
Project("{FAE04EC0-301F-11D3-BF4B-00C04F79EFBC}") = "DOS.Auth.Domain", "src\Auth\DOS.Auth.Domain\DOS.Auth.Domain.csproj", "{2A55D2FF-49C4-4885-AB1B-1AAFA2514192}"
EndProject
Project("{2150E333-8FDC-42A3-9474-1A3956D46DE8}") = "AuthTests", "AuthTests", "{C42645C9-5A8E-42A3-8819-646381AFC367}"
EndProject
Project("{FAE04EC0-301F-11D3-BF4B-00C04F79EFBC}") = "Auth.Tests.Domain", "tests\AuthTests\Auth.Tests.Domain\Auth.Tests.Domain.csproj", "{46DF0C69-2F35-4D56-83A4-8BF68103638B}"
EndProject
Project("{FAE04EC0-301F-11D3-BF4B-00C04F79EFBC}") = "DOS.Auth.Data", "src\Auth\DOS.Auth.Data\DOS.Auth.Data.csproj", "{85858637-B7C0-402C-BB06-871C6F15695E}"
EndProject
Project("{2150E333-8FDC-42A3-9474-1A3956D46DE8}") = "Core", "Core", "{5E44C912-4BAE-4842-81DC-04D1187065AE}"
EndProject
Project("{FAE04EC0-301F-11D3-BF4B-00C04F79EFBC}") = "DOS.Core", "src\Core\DOS.Core\DOS.Core.csproj", "{056852C1-C02C-46D6-AD9F-1703C42BE6A2}"
EndProject
Project("{FAE04EC0-301F-11D3-BF4B-00C04F79EFBC}") = "DOS.Auth.Application", "src\Auth\DOS.Auth.Application\DOS.Auth.Application.csproj", "{1B6D5C65-E541-48FD-8E1D-D4D3103C689A}"
EndProject
Project("{FAE04EC0-301F-11D3-BF4B-00C04F79EFBC}") = "Auth.Tests.Application", "tests\AuthTests\Auth.Tests.Application\Auth.Tests.Application.csproj", "{CE9E2A12-3539-4BEF-BE6D-6D5AD30F5113}"
EndProject
Project("{FAE04EC0-301F-11D3-BF4B-00C04F79EFBC}") = "DOS.Auth.API", "src\Auth\DOS.Auth.API\DOS.Auth.API.csproj", "{16FDE05F-95A9-4E15-B6ED-9DCCFBCC0BF5}"
EndProject
Project("{2150E333-8FDC-42A3-9474-1A3956D46DE8}") = "Usuario", "Usuario", "{F67D84A0-CFA5-445F-9386-CE5AB9F896AE}"
EndProject
Project("{FAE04EC0-301F-11D3-BF4B-00C04F79EFBC}") = "DOS.Usuario.Domain", "src\Usuario\DOS.Usuario.Domain\DOS.Usuario.Domain.csproj", "{1105568E-C15D-400B-86FA-A01584EC8C67}"
EndProject
Project("{2150E333-8FDC-42A3-9474-1A3956D46DE8}") = "UsuarioTests", "UsuarioTests", "{C8E59FED-9D6E-4B0D-BFBE-07D5C920A048}"
EndProject
Project("{FAE04EC0-301F-11D3-BF4B-00C04F79EFBC}") = "UsuarioTests.Domain", "tests\UsuarioTests\UsuarioTests\UsuarioTests.Domain.csproj", "{7855DCBC-C055-4343-B277-CED804BC4D24}"
EndProject
Project("{FAE04EC0-301F-11D3-BF4B-00C04F79EFBC}") = "DOS.Usuario.Data", "src\Usuario\DOS.Usuario.Data\DOS.Usuario.Data.csproj", "{B188163A-41FF-46D7-98D5-E90C5EAA30D1}"
EndProject
Project("{FAE04EC0-301F-11D3-BF4B-00C04F79EFBC}") = "DOS.Usuario.Application", "src\Usuario\DOS.Usuario.Application\DOS.Usuario.Application.csproj", "{025EEF5D-5925-4DD1-B0BE-37EF57C03787}"
EndProject
Project("{FAE04EC0-301F-11D3-BF4B-00C04F79EFBC}") = "UsuarioTests.Application", "tests\UsuarioTests\UsuarioTests.Application\UsuarioTests.Application.csproj", "{0987046A-EFE8-4EB1-8745-C3741C31347C}"
EndProject
Project("{FAE04EC0-301F-11D3-BF4B-00C04F79EFBC}") = "DOS.Usuario.API", "src\Usuario\DOS.Usuario.API\DOS.Usuario.API.csproj", "{9EF31B58-D558-450C-8EFB-2AF20205A8DF}"
EndProject
Project("{2150E333-8FDC-42A3-9474-1A3956D46DE8}") = "Agenda", "Agenda", "{50015A31-038A-4CF3-931E-42A8D854751D}"
EndProject
Project("{FAE04EC0-301F-11D3-BF4B-00C04F79EFBC}") = "DOS.Agenda.Domain", "src\Agenda\DOS.Agenda.Domain\DOS.Agenda.Domain.csproj", "{48EB61B4-D2DB-4FDB-8C28-E140DAEA583B}"
EndProject
Project("{2150E333-8FDC-42A3-9474-1A3956D46DE8}") = "AgendaTests", "AgendaTests", "{72C75191-1500-41AF-84FC-D79F2AAC3FF3}"
EndProject
Project("{FAE04EC0-301F-11D3-BF4B-00C04F79EFBC}") = "Agenda.Tests.Domain", "tests\AgendaTests\Agenda.Tests.Domain\Agenda.Tests.Domain.csproj", "{FF4AE59D-8648-4590-A1C3-C16BA9589640}"
EndProject
Project("{FAE04EC0-301F-11D3-BF4B-00C04F79EFBC}") = "DOS.Agenda.Data", "src\Agenda\DOS.Agenda.Data\DOS.Agenda.Data.csproj", "{4047B01D-2B96-4517-ABA3-C7EA6D4C606C}"
EndProject
Project("{FAE04EC0-301F-11D3-BF4B-00C04F79EFBC}") = "DOS.Agenda.Application", "src\Agenda\DOS.Agenda.Application\DOS.Agenda.Application.csproj", "{71E6AD2B-2E77-4790-8655-53E784FC4486}"
EndProject
Project("{FAE04EC0-301F-11D3-BF4B-00C04F79EFBC}") = "Agenda.Tests.Application", "tests\AgendaTests\Agenda.Tests.Application\Agenda.Tests.Application.csproj", "{4F46540B-4D50-42B2-9F22-D394F76EB654}"
EndProject
Project("{FAE04EC0-301F-11D3-BF4B-00C04F79EFBC}") = "DOS.Agenda.API", "src\Agenda\DOS.Agenda.API\DOS.Agenda.API.csproj", "{363DE31B-D14B-4395-8BD0-57F96CD0DF4E}"
EndProject
Project("{2150E333-8FDC-42A3-9474-1A3956D46DE8}") = "Doacao", "Doacao", "{8C96C702-659E-4782-B70E-C317BE8345FF}"
EndProject
Project("{FAE04EC0-301F-11D3-BF4B-00C04F79EFBC}") = "DOS.Doacao.Domain", "src\Doacao\DOS.Doacao.Domain\DOS.Doacao.Domain.csproj", "{6D98289A-8F6C-45E7-BF4B-4608B3402DAC}"
EndProject
Project("{2150E333-8FDC-42A3-9474-1A3956D46DE8}") = "DoacaoTests", "DoacaoTests", "{B29741BE-C9EB-4D1F-8099-B1906992E4CB}"
EndProject
Project("{FAE04EC0-301F-11D3-BF4B-00C04F79EFBC}") = "DOS.Doacao.Data", "src\Doacao\DOS.Doacao.Data\DOS.Doacao.Data.csproj", "{38CDB724-F205-423D-83D8-D2E08262A9D0}"
EndProject
Project("{FAE04EC0-301F-11D3-BF4B-00C04F79EFBC}") = "DOS.Doacao.Application", "src\Doacao\DOS.Doacao.Application\DOS.Doacao.Application.csproj", "{AD5A1021-B42C-4F76-81EE-CAE032AB6C28}"
EndProject
Project("{FAE04EC0-301F-11D3-BF4B-00C04F79EFBC}") = "DoacaoTests.Domain", "tests\DoacaoTests\Doacao.Tests.Domain\DoacaoTests.Domain.csproj", "{4052F203-514A-4E61-ACC9-EB2895BB2D2D}"
EndProject
Project("{FAE04EC0-301F-11D3-BF4B-00C04F79EFBC}") = "DoacaoTests.Application", "tests\DoacaoTests\DoacaoTests.Application\DoacaoTests.Application.csproj", "{B974A700-1133-4AF4-B7CD-5BD177FBC42A}"
EndProject
Project("{FAE04EC0-301F-11D3-BF4B-00C04F79EFBC}") = "DOS.Doacao.API", "src\Doacao\DOS.Doacao.API\DOS.Doacao.API.csproj", "{A1E1D740-115C-4D65-A1A0-48E83E5E3B96}"
EndProject
Project("{2150E333-8FDC-42A3-9474-1A3956D46DE8}") = "Estoque", "Estoque", "{51561641-89C2-4CE8-B681-C987A11C5D36}"
EndProject
Project("{FAE04EC0-301F-11D3-BF4B-00C04F79EFBC}") = "DOS.Estoque.Domain", "src\Estoque\DOS.Estoque.Domain\DOS.Estoque.Domain.csproj", "{741FA7CF-CCD1-45EF-A394-FCB7D3CD650E}"
EndProject
Project("{2150E333-8FDC-42A3-9474-1A3956D46DE8}") = "EstoqueTests", "EstoqueTests", "{A157723F-AF30-4D47-8F2B-0F500296F821}"
EndProject
Project("{FAE04EC0-301F-11D3-BF4B-00C04F79EFBC}") = "EstoqueTests.Domain", "tests\EstoqueTests\EstoqueTests.Domain\EstoqueTests.Domain.csproj", "{46893F9C-4A87-42CC-9216-61E89DCDA444}"
EndProject
Project("{FAE04EC0-301F-11D3-BF4B-00C04F79EFBC}") = "DOS.Estoque.Data", "src\Estoque\DOS.Estoque.Data\DOS.Estoque.Data.csproj", "{CE9313BB-85BD-4A2E-B1FA-6ECFEA1E1B1C}"
EndProject
Global
	GlobalSection(SolutionConfigurationPlatforms) = preSolution
		Debug|Any CPU = Debug|Any CPU
		Release|Any CPU = Release|Any CPU
	EndGlobalSection
	GlobalSection(ProjectConfigurationPlatforms) = postSolution
		{2A55D2FF-49C4-4885-AB1B-1AAFA2514192}.Debug|Any CPU.ActiveCfg = Debug|Any CPU
		{2A55D2FF-49C4-4885-AB1B-1AAFA2514192}.Debug|Any CPU.Build.0 = Debug|Any CPU
		{2A55D2FF-49C4-4885-AB1B-1AAFA2514192}.Release|Any CPU.ActiveCfg = Release|Any CPU
		{2A55D2FF-49C4-4885-AB1B-1AAFA2514192}.Release|Any CPU.Build.0 = Release|Any CPU
		{46DF0C69-2F35-4D56-83A4-8BF68103638B}.Debug|Any CPU.ActiveCfg = Debug|Any CPU
		{46DF0C69-2F35-4D56-83A4-8BF68103638B}.Debug|Any CPU.Build.0 = Debug|Any CPU
		{46DF0C69-2F35-4D56-83A4-8BF68103638B}.Release|Any CPU.ActiveCfg = Release|Any CPU
		{46DF0C69-2F35-4D56-83A4-8BF68103638B}.Release|Any CPU.Build.0 = Release|Any CPU
		{85858637-B7C0-402C-BB06-871C6F15695E}.Debug|Any CPU.ActiveCfg = Debug|Any CPU
		{85858637-B7C0-402C-BB06-871C6F15695E}.Debug|Any CPU.Build.0 = Debug|Any CPU
		{85858637-B7C0-402C-BB06-871C6F15695E}.Release|Any CPU.ActiveCfg = Release|Any CPU
		{85858637-B7C0-402C-BB06-871C6F15695E}.Release|Any CPU.Build.0 = Release|Any CPU
		{056852C1-C02C-46D6-AD9F-1703C42BE6A2}.Debug|Any CPU.ActiveCfg = Debug|Any CPU
		{056852C1-C02C-46D6-AD9F-1703C42BE6A2}.Debug|Any CPU.Build.0 = Debug|Any CPU
		{056852C1-C02C-46D6-AD9F-1703C42BE6A2}.Release|Any CPU.ActiveCfg = Release|Any CPU
		{056852C1-C02C-46D6-AD9F-1703C42BE6A2}.Release|Any CPU.Build.0 = Release|Any CPU
		{1B6D5C65-E541-48FD-8E1D-D4D3103C689A}.Debug|Any CPU.ActiveCfg = Debug|Any CPU
		{1B6D5C65-E541-48FD-8E1D-D4D3103C689A}.Debug|Any CPU.Build.0 = Debug|Any CPU
		{1B6D5C65-E541-48FD-8E1D-D4D3103C689A}.Release|Any CPU.ActiveCfg = Release|Any CPU
		{1B6D5C65-E541-48FD-8E1D-D4D3103C689A}.Release|Any CPU.Build.0 = Release|Any CPU
		{CE9E2A12-3539-4BEF-BE6D-6D5AD30F5113}.Debug|Any CPU.ActiveCfg = Debug|Any CPU
		{CE9E2A12-3539-4BEF-BE6D-6D5AD30F5113}.Debug|Any CPU.Build.0 = Debug|Any CPU
		{CE9E2A12-3539-4BEF-BE6D-6D5AD30F5113}.Release|Any CPU.ActiveCfg = Release|Any CPU
		{CE9E2A12-3539-4BEF-BE6D-6D5AD30F5113}.Release|Any CPU.Build.0 = Release|Any CPU
		{16FDE05F-95A9-4E15-B6ED-9DCCFBCC0BF5}.Debug|Any CPU.ActiveCfg = Debug|Any CPU
		{16FDE05F-95A9-4E15-B6ED-9DCCFBCC0BF5}.Debug|Any CPU.Build.0 = Debug|Any CPU
		{16FDE05F-95A9-4E15-B6ED-9DCCFBCC0BF5}.Release|Any CPU.ActiveCfg = Release|Any CPU
		{16FDE05F-95A9-4E15-B6ED-9DCCFBCC0BF5}.Release|Any CPU.Build.0 = Release|Any CPU
		{1105568E-C15D-400B-86FA-A01584EC8C67}.Debug|Any CPU.ActiveCfg = Debug|Any CPU
		{1105568E-C15D-400B-86FA-A01584EC8C67}.Debug|Any CPU.Build.0 = Debug|Any CPU
		{1105568E-C15D-400B-86FA-A01584EC8C67}.Release|Any CPU.ActiveCfg = Release|Any CPU
		{1105568E-C15D-400B-86FA-A01584EC8C67}.Release|Any CPU.Build.0 = Release|Any CPU
		{7855DCBC-C055-4343-B277-CED804BC4D24}.Debug|Any CPU.ActiveCfg = Debug|Any CPU
		{7855DCBC-C055-4343-B277-CED804BC4D24}.Debug|Any CPU.Build.0 = Debug|Any CPU
		{7855DCBC-C055-4343-B277-CED804BC4D24}.Release|Any CPU.ActiveCfg = Release|Any CPU
		{7855DCBC-C055-4343-B277-CED804BC4D24}.Release|Any CPU.Build.0 = Release|Any CPU
		{B188163A-41FF-46D7-98D5-E90C5EAA30D1}.Debug|Any CPU.ActiveCfg = Debug|Any CPU
		{B188163A-41FF-46D7-98D5-E90C5EAA30D1}.Debug|Any CPU.Build.0 = Debug|Any CPU
		{B188163A-41FF-46D7-98D5-E90C5EAA30D1}.Release|Any CPU.ActiveCfg = Release|Any CPU
		{B188163A-41FF-46D7-98D5-E90C5EAA30D1}.Release|Any CPU.Build.0 = Release|Any CPU
		{025EEF5D-5925-4DD1-B0BE-37EF57C03787}.Debug|Any CPU.ActiveCfg = Debug|Any CPU
		{025EEF5D-5925-4DD1-B0BE-37EF57C03787}.Debug|Any CPU.Build.0 = Debug|Any CPU
		{025EEF5D-5925-4DD1-B0BE-37EF57C03787}.Release|Any CPU.ActiveCfg = Release|Any CPU
		{025EEF5D-5925-4DD1-B0BE-37EF57C03787}.Release|Any CPU.Build.0 = Release|Any CPU
		{0987046A-EFE8-4EB1-8745-C3741C31347C}.Debug|Any CPU.ActiveCfg = Debug|Any CPU
		{0987046A-EFE8-4EB1-8745-C3741C31347C}.Debug|Any CPU.Build.0 = Debug|Any CPU
		{0987046A-EFE8-4EB1-8745-C3741C31347C}.Release|Any CPU.ActiveCfg = Release|Any CPU
		{0987046A-EFE8-4EB1-8745-C3741C31347C}.Release|Any CPU.Build.0 = Release|Any CPU
		{9EF31B58-D558-450C-8EFB-2AF20205A8DF}.Debug|Any CPU.ActiveCfg = Debug|Any CPU
		{9EF31B58-D558-450C-8EFB-2AF20205A8DF}.Debug|Any CPU.Build.0 = Debug|Any CPU
		{9EF31B58-D558-450C-8EFB-2AF20205A8DF}.Release|Any CPU.ActiveCfg = Release|Any CPU
		{9EF31B58-D558-450C-8EFB-2AF20205A8DF}.Release|Any CPU.Build.0 = Release|Any CPU
		{48EB61B4-D2DB-4FDB-8C28-E140DAEA583B}.Debug|Any CPU.ActiveCfg = Debug|Any CPU
		{48EB61B4-D2DB-4FDB-8C28-E140DAEA583B}.Debug|Any CPU.Build.0 = Debug|Any CPU
		{48EB61B4-D2DB-4FDB-8C28-E140DAEA583B}.Release|Any CPU.ActiveCfg = Release|Any CPU
		{48EB61B4-D2DB-4FDB-8C28-E140DAEA583B}.Release|Any CPU.Build.0 = Release|Any CPU
		{FF4AE59D-8648-4590-A1C3-C16BA9589640}.Debug|Any CPU.ActiveCfg = Debug|Any CPU
		{FF4AE59D-8648-4590-A1C3-C16BA9589640}.Debug|Any CPU.Build.0 = Debug|Any CPU
		{FF4AE59D-8648-4590-A1C3-C16BA9589640}.Release|Any CPU.ActiveCfg = Release|Any CPU
		{FF4AE59D-8648-4590-A1C3-C16BA9589640}.Release|Any CPU.Build.0 = Release|Any CPU
		{4047B01D-2B96-4517-ABA3-C7EA6D4C606C}.Debug|Any CPU.ActiveCfg = Debug|Any CPU
		{4047B01D-2B96-4517-ABA3-C7EA6D4C606C}.Debug|Any CPU.Build.0 = Debug|Any CPU
		{4047B01D-2B96-4517-ABA3-C7EA6D4C606C}.Release|Any CPU.ActiveCfg = Release|Any CPU
		{4047B01D-2B96-4517-ABA3-C7EA6D4C606C}.Release|Any CPU.Build.0 = Release|Any CPU
		{71E6AD2B-2E77-4790-8655-53E784FC4486}.Debug|Any CPU.ActiveCfg = Debug|Any CPU
		{71E6AD2B-2E77-4790-8655-53E784FC4486}.Debug|Any CPU.Build.0 = Debug|Any CPU
		{71E6AD2B-2E77-4790-8655-53E784FC4486}.Release|Any CPU.ActiveCfg = Release|Any CPU
		{71E6AD2B-2E77-4790-8655-53E784FC4486}.Release|Any CPU.Build.0 = Release|Any CPU
		{4F46540B-4D50-42B2-9F22-D394F76EB654}.Debug|Any CPU.ActiveCfg = Debug|Any CPU
		{4F46540B-4D50-42B2-9F22-D394F76EB654}.Debug|Any CPU.Build.0 = Debug|Any CPU
		{4F46540B-4D50-42B2-9F22-D394F76EB654}.Release|Any CPU.ActiveCfg = Release|Any CPU
		{4F46540B-4D50-42B2-9F22-D394F76EB654}.Release|Any CPU.Build.0 = Release|Any CPU
		{363DE31B-D14B-4395-8BD0-57F96CD0DF4E}.Debug|Any CPU.ActiveCfg = Debug|Any CPU
		{363DE31B-D14B-4395-8BD0-57F96CD0DF4E}.Debug|Any CPU.Build.0 = Debug|Any CPU
		{363DE31B-D14B-4395-8BD0-57F96CD0DF4E}.Release|Any CPU.ActiveCfg = Release|Any CPU
		{363DE31B-D14B-4395-8BD0-57F96CD0DF4E}.Release|Any CPU.Build.0 = Release|Any CPU
		{6D98289A-8F6C-45E7-BF4B-4608B3402DAC}.Debug|Any CPU.ActiveCfg = Debug|Any CPU
		{6D98289A-8F6C-45E7-BF4B-4608B3402DAC}.Debug|Any CPU.Build.0 = Debug|Any CPU
		{6D98289A-8F6C-45E7-BF4B-4608B3402DAC}.Release|Any CPU.ActiveCfg = Release|Any CPU
		{6D98289A-8F6C-45E7-BF4B-4608B3402DAC}.Release|Any CPU.Build.0 = Release|Any CPU
		{38CDB724-F205-423D-83D8-D2E08262A9D0}.Debug|Any CPU.ActiveCfg = Debug|Any CPU
		{38CDB724-F205-423D-83D8-D2E08262A9D0}.Debug|Any CPU.Build.0 = Debug|Any CPU
		{38CDB724-F205-423D-83D8-D2E08262A9D0}.Release|Any CPU.ActiveCfg = Release|Any CPU
		{38CDB724-F205-423D-83D8-D2E08262A9D0}.Release|Any CPU.Build.0 = Release|Any CPU
		{AD5A1021-B42C-4F76-81EE-CAE032AB6C28}.Debug|Any CPU.ActiveCfg = Debug|Any CPU
		{AD5A1021-B42C-4F76-81EE-CAE032AB6C28}.Debug|Any CPU.Build.0 = Debug|Any CPU
		{AD5A1021-B42C-4F76-81EE-CAE032AB6C28}.Release|Any CPU.ActiveCfg = Release|Any CPU
		{AD5A1021-B42C-4F76-81EE-CAE032AB6C28}.Release|Any CPU.Build.0 = Release|Any CPU
		{4052F203-514A-4E61-ACC9-EB2895BB2D2D}.Debug|Any CPU.ActiveCfg = Debug|Any CPU
		{4052F203-514A-4E61-ACC9-EB2895BB2D2D}.Debug|Any CPU.Build.0 = Debug|Any CPU
		{4052F203-514A-4E61-ACC9-EB2895BB2D2D}.Release|Any CPU.ActiveCfg = Release|Any CPU
		{4052F203-514A-4E61-ACC9-EB2895BB2D2D}.Release|Any CPU.Build.0 = Release|Any CPU
		{B974A700-1133-4AF4-B7CD-5BD177FBC42A}.Debug|Any CPU.ActiveCfg = Debug|Any CPU
		{B974A700-1133-4AF4-B7CD-5BD177FBC42A}.Debug|Any CPU.Build.0 = Debug|Any CPU
		{B974A700-1133-4AF4-B7CD-5BD177FBC42A}.Release|Any CPU.ActiveCfg = Release|Any CPU
		{B974A700-1133-4AF4-B7CD-5BD177FBC42A}.Release|Any CPU.Build.0 = Release|Any CPU
		{A1E1D740-115C-4D65-A1A0-48E83E5E3B96}.Debug|Any CPU.ActiveCfg = Debug|Any CPU
		{A1E1D740-115C-4D65-A1A0-48E83E5E3B96}.Debug|Any CPU.Build.0 = Debug|Any CPU
		{A1E1D740-115C-4D65-A1A0-48E83E5E3B96}.Release|Any CPU.ActiveCfg = Release|Any CPU
		{A1E1D740-115C-4D65-A1A0-48E83E5E3B96}.Release|Any CPU.Build.0 = Release|Any CPU
		{741FA7CF-CCD1-45EF-A394-FCB7D3CD650E}.Debug|Any CPU.ActiveCfg = Debug|Any CPU
		{741FA7CF-CCD1-45EF-A394-FCB7D3CD650E}.Debug|Any CPU.Build.0 = Debug|Any CPU
		{741FA7CF-CCD1-45EF-A394-FCB7D3CD650E}.Release|Any CPU.ActiveCfg = Release|Any CPU
		{741FA7CF-CCD1-45EF-A394-FCB7D3CD650E}.Release|Any CPU.Build.0 = Release|Any CPU
		{46893F9C-4A87-42CC-9216-61E89DCDA444}.Debug|Any CPU.ActiveCfg = Debug|Any CPU
		{46893F9C-4A87-42CC-9216-61E89DCDA444}.Debug|Any CPU.Build.0 = Debug|Any CPU
		{46893F9C-4A87-42CC-9216-61E89DCDA444}.Release|Any CPU.ActiveCfg = Release|Any CPU
		{46893F9C-4A87-42CC-9216-61E89DCDA444}.Release|Any CPU.Build.0 = Release|Any CPU
		{CE9313BB-85BD-4A2E-B1FA-6ECFEA1E1B1C}.Debug|Any CPU.ActiveCfg = Debug|Any CPU
		{CE9313BB-85BD-4A2E-B1FA-6ECFEA1E1B1C}.Debug|Any CPU.Build.0 = Debug|Any CPU
		{CE9313BB-85BD-4A2E-B1FA-6ECFEA1E1B1C}.Release|Any CPU.ActiveCfg = Release|Any CPU
		{CE9313BB-85BD-4A2E-B1FA-6ECFEA1E1B1C}.Release|Any CPU.Build.0 = Release|Any CPU
	EndGlobalSection
	GlobalSection(SolutionProperties) = preSolution
		HideSolutionNode = FALSE
	EndGlobalSection
	GlobalSection(NestedProjects) = preSolution
		{A90B7DBE-0F31-40AD-8D0E-4715631366B2} = {34837296-42F5-4897-A459-52A4DE4356DF}
		{2A55D2FF-49C4-4885-AB1B-1AAFA2514192} = {A90B7DBE-0F31-40AD-8D0E-4715631366B2}
		{C42645C9-5A8E-42A3-8819-646381AFC367} = {4A19FC19-3EB1-400C-AFDF-F20CEC4038D2}
		{46DF0C69-2F35-4D56-83A4-8BF68103638B} = {C42645C9-5A8E-42A3-8819-646381AFC367}
		{85858637-B7C0-402C-BB06-871C6F15695E} = {A90B7DBE-0F31-40AD-8D0E-4715631366B2}
		{5E44C912-4BAE-4842-81DC-04D1187065AE} = {34837296-42F5-4897-A459-52A4DE4356DF}
		{056852C1-C02C-46D6-AD9F-1703C42BE6A2} = {5E44C912-4BAE-4842-81DC-04D1187065AE}
		{1B6D5C65-E541-48FD-8E1D-D4D3103C689A} = {A90B7DBE-0F31-40AD-8D0E-4715631366B2}
		{CE9E2A12-3539-4BEF-BE6D-6D5AD30F5113} = {C42645C9-5A8E-42A3-8819-646381AFC367}
		{16FDE05F-95A9-4E15-B6ED-9DCCFBCC0BF5} = {A90B7DBE-0F31-40AD-8D0E-4715631366B2}
		{F67D84A0-CFA5-445F-9386-CE5AB9F896AE} = {34837296-42F5-4897-A459-52A4DE4356DF}
		{1105568E-C15D-400B-86FA-A01584EC8C67} = {F67D84A0-CFA5-445F-9386-CE5AB9F896AE}
		{C8E59FED-9D6E-4B0D-BFBE-07D5C920A048} = {4A19FC19-3EB1-400C-AFDF-F20CEC4038D2}
		{7855DCBC-C055-4343-B277-CED804BC4D24} = {C8E59FED-9D6E-4B0D-BFBE-07D5C920A048}
		{B188163A-41FF-46D7-98D5-E90C5EAA30D1} = {F67D84A0-CFA5-445F-9386-CE5AB9F896AE}
		{025EEF5D-5925-4DD1-B0BE-37EF57C03787} = {F67D84A0-CFA5-445F-9386-CE5AB9F896AE}
		{0987046A-EFE8-4EB1-8745-C3741C31347C} = {C8E59FED-9D6E-4B0D-BFBE-07D5C920A048}
		{9EF31B58-D558-450C-8EFB-2AF20205A8DF} = {F67D84A0-CFA5-445F-9386-CE5AB9F896AE}
		{50015A31-038A-4CF3-931E-42A8D854751D} = {34837296-42F5-4897-A459-52A4DE4356DF}
		{48EB61B4-D2DB-4FDB-8C28-E140DAEA583B} = {50015A31-038A-4CF3-931E-42A8D854751D}
		{72C75191-1500-41AF-84FC-D79F2AAC3FF3} = {4A19FC19-3EB1-400C-AFDF-F20CEC4038D2}
		{FF4AE59D-8648-4590-A1C3-C16BA9589640} = {72C75191-1500-41AF-84FC-D79F2AAC3FF3}
		{4047B01D-2B96-4517-ABA3-C7EA6D4C606C} = {50015A31-038A-4CF3-931E-42A8D854751D}
		{71E6AD2B-2E77-4790-8655-53E784FC4486} = {50015A31-038A-4CF3-931E-42A8D854751D}
		{4F46540B-4D50-42B2-9F22-D394F76EB654} = {72C75191-1500-41AF-84FC-D79F2AAC3FF3}
		{363DE31B-D14B-4395-8BD0-57F96CD0DF4E} = {50015A31-038A-4CF3-931E-42A8D854751D}
		{8C96C702-659E-4782-B70E-C317BE8345FF} = {34837296-42F5-4897-A459-52A4DE4356DF}
		{6D98289A-8F6C-45E7-BF4B-4608B3402DAC} = {8C96C702-659E-4782-B70E-C317BE8345FF}
		{B29741BE-C9EB-4D1F-8099-B1906992E4CB} = {4A19FC19-3EB1-400C-AFDF-F20CEC4038D2}
		{38CDB724-F205-423D-83D8-D2E08262A9D0} = {8C96C702-659E-4782-B70E-C317BE8345FF}
		{AD5A1021-B42C-4F76-81EE-CAE032AB6C28} = {8C96C702-659E-4782-B70E-C317BE8345FF}
		{4052F203-514A-4E61-ACC9-EB2895BB2D2D} = {B29741BE-C9EB-4D1F-8099-B1906992E4CB}
		{B974A700-1133-4AF4-B7CD-5BD177FBC42A} = {B29741BE-C9EB-4D1F-8099-B1906992E4CB}
		{A1E1D740-115C-4D65-A1A0-48E83E5E3B96} = {8C96C702-659E-4782-B70E-C317BE8345FF}
		{51561641-89C2-4CE8-B681-C987A11C5D36} = {34837296-42F5-4897-A459-52A4DE4356DF}
		{741FA7CF-CCD1-45EF-A394-FCB7D3CD650E} = {51561641-89C2-4CE8-B681-C987A11C5D36}
		{A157723F-AF30-4D47-8F2B-0F500296F821} = {4A19FC19-3EB1-400C-AFDF-F20CEC4038D2}
		{46893F9C-4A87-42CC-9216-61E89DCDA444} = {A157723F-AF30-4D47-8F2B-0F500296F821}
		{CE9313BB-85BD-4A2E-B1FA-6ECFEA1E1B1C} = {51561641-89C2-4CE8-B681-C987A11C5D36}
	EndGlobalSection
EndGlobal
