
Microsoft Visual Studio Solution File, Format Version 12.00
# Visual Studio Version 17
VisualStudioVersion = 17.12.35527.113
MinimumVisualStudioVersion = 10.0.40219.1
Project("{2150E333-8FDC-42A3-9474-1A3956D46DE8}") = "src", "src", "{34837296-42F5-4897-A459-52A4DE4356DF}"
EndProject
Project("{2150E333-8FDC-42A3-9474-1A3956D46DE8}") = "tests", "tests", "{4A19FC19-3EB1-400C-AFDF-F20CEC4038D2}"
EndProject
Project("{2150E333-8FDC-42A3-9474-1A3956D46DE8}") = "Auth", "Auth", "{A90B7DBE-0F31-40AD-8D0E-4715631366B2}"
EndProject
Project("{FAE04EC0-301F-11D3-BF4B-00C04F79EFBC}") = "DOS.Auth.Domain", "src\Auth\DOS.Auth.Domain\DOS.Auth.Domain.csproj", "{2A55D2FF-49C4-4885-AB1B-1AAFA2514192}"
EndProject
Project("{2150E333-8FDC-42A3-9474-1A3956D46DE8}") = "AuthTests", "AuthTests", "{C42645C9-5A8E-42A3-8819-646381AFC367}"
EndProject
Project("{FAE04EC0-301F-11D3-BF4B-00C04F79EFBC}") = "Auth.Tests.Domain", "tests\AuthTests\Auth.Tests.Domain\Auth.Tests.Domain.csproj", "{46DF0C69-2F35-4D56-83A4-8BF68103638B}"
EndProject
Project("{FAE04EC0-301F-11D3-BF4B-00C04F79EFBC}") = "DOS.Auth.Data", "src\Auth\DOS.Auth.Data\DOS.Auth.Data.csproj", "{85858637-B7C0-402C-BB06-871C6F15695E}"
EndProject
Project("{2150E333-8FDC-42A3-9474-1A3956D46DE8}") = "Core", "Core", "{5E44C912-4BAE-4842-81DC-04D1187065AE}"
EndProject
Project("{FAE04EC0-301F-11D3-BF4B-00C04F79EFBC}") = "DOS.Core", "src\Core\DOS.Core\DOS.Core.csproj", "{056852C1-C02C-46D6-AD9F-1703C42BE6A2}"
EndProject
Project("{FAE04EC0-301F-11D3-BF4B-00C04F79EFBC}") = "DOS.Auth.Application", "src\Auth\DOS.Auth.Application\DOS.Auth.Application.csproj", "{1B6D5C65-E541-48FD-8E1D-D4D3103C689A}"
EndProject
Project("{FAE04EC0-301F-11D3-BF4B-00C04F79EFBC}") = "Auth.Tests.Application", "tests\AuthTests\Auth.Tests.Application\Auth.Tests.Application.csproj", "{CE9E2A12-3539-4BEF-BE6D-6D5AD30F5113}"
EndProject
Project("{FAE04EC0-301F-11D3-BF4B-00C04F79EFBC}") = "DOS.Auth.API", "src\Auth\DOS.Auth.API\DOS.Auth.API.csproj", "{16FDE05F-95A9-4E15-B6ED-9DCCFBCC0BF5}"
EndProject
Project("{2150E333-8FDC-42A3-9474-1A3956D46DE8}") = "Usuario", "Usuario", "{F67D84A0-CFA5-445F-9386-CE5AB9F896AE}"
EndProject
Project("{FAE04EC0-301F-11D3-BF4B-00C04F79EFBC}") = "DOS.Usuario.Domain", "src\Usuario\DOS.Usuario.Domain\DOS.Usuario.Domain.csproj", "{1105568E-C15D-400B-86FA-A01584EC8C67}"
EndProject
Project("{2150E333-8FDC-42A3-9474-1A3956D46DE8}") = "UsuarioTests", "UsuarioTests", "{C8E59FED-9D6E-4B0D-BFBE-07D5C920A048}"
EndProject
Project("{FAE04EC0-301F-11D3-BF4B-00C04F79EFBC}") = "UsuarioTests.Domain", "tests\UsuarioTests\UsuarioTests\UsuarioTests.Domain.csproj", "{7855DCBC-C055-4343-B277-CED804BC4D24}"
EndProject
Project("{FAE04EC0-301F-11D3-BF4B-00C04F79EFBC}") = "DOS.Usuario.Data", "src\Usuario\DOS.Usuario.Data\DOS.Usuario.Data.csproj", "{B188163A-41FF-46D7-98D5-E90C5EAA30D1}"
EndProject
Project("{FAE04EC0-301F-11D3-BF4B-00C04F79EFBC}") = "DOS.Usuario.Application", "src\Usuario\DOS.Usuario.Application\DOS.Usuario.Application.csproj", "{025EEF5D-5925-4DD1-B0BE-37EF57C03787}"
EndProject
Project("{FAE04EC0-301F-11D3-BF4B-00C04F79EFBC}") = "UsuarioTests.Application", "tests\UsuarioTests\UsuarioTests.Application\UsuarioTests.Application.csproj", "{0987046A-EFE8-4EB1-8745-C3741C31347C}"
EndProject
Global
	GlobalSection(SolutionConfigurationPlatforms) = preSolution
		Debug|Any CPU = Debug|Any CPU
		Release|Any CPU = Release|Any CPU
	EndGlobalSection
	GlobalSection(ProjectConfigurationPlatforms) = postSolution
		{2A55D2FF-49C4-4885-AB1B-1AAFA2514192}.Debug|Any CPU.ActiveCfg = Debug|Any CPU
		{2A55D2FF-49C4-4885-AB1B-1AAFA2514192}.Debug|Any CPU.Build.0 = Debug|Any CPU
		{2A55D2FF-49C4-4885-AB1B-1AAFA2514192}.Release|Any CPU.ActiveCfg = Release|Any CPU
		{2A55D2FF-49C4-4885-AB1B-1AAFA2514192}.Release|Any CPU.Build.0 = Release|Any CPU
		{46DF0C69-2F35-4D56-83A4-8BF68103638B}.Debug|Any CPU.ActiveCfg = Debug|Any CPU
		{46DF0C69-2F35-4D56-83A4-8BF68103638B}.Debug|Any CPU.Build.0 = Debug|Any CPU
		{46DF0C69-2F35-4D56-83A4-8BF68103638B}.Release|Any CPU.ActiveCfg = Release|Any CPU
		{46DF0C69-2F35-4D56-83A4-8BF68103638B}.Release|Any CPU.Build.0 = Release|Any CPU
		{85858637-B7C0-402C-BB06-871C6F15695E}.Debug|Any CPU.ActiveCfg = Debug|Any CPU
		{85858637-B7C0-402C-BB06-871C6F15695E}.Debug|Any CPU.Build.0 = Debug|Any CPU
		{85858637-B7C0-402C-BB06-871C6F15695E}.Release|Any CPU.ActiveCfg = Release|Any CPU
		{85858637-B7C0-402C-BB06-871C6F15695E}.Release|Any CPU.Build.0 = Release|Any CPU
		{056852C1-C02C-46D6-AD9F-1703C42BE6A2}.Debug|Any CPU.ActiveCfg = Debug|Any CPU
		{056852C1-C02C-46D6-AD9F-1703C42BE6A2}.Debug|Any CPU.Build.0 = Debug|Any CPU
		{056852C1-C02C-46D6-AD9F-1703C42BE6A2}.Release|Any CPU.ActiveCfg = Release|Any CPU
		{056852C1-C02C-46D6-AD9F-1703C42BE6A2}.Release|Any CPU.Build.0 = Release|Any CPU
		{1B6D5C65-E541-48FD-8E1D-D4D3103C689A}.Debug|Any CPU.ActiveCfg = Debug|Any CPU
		{1B6D5C65-E541-48FD-8E1D-D4D3103C689A}.Debug|Any CPU.Build.0 = Debug|Any CPU
		{1B6D5C65-E541-48FD-8E1D-D4D3103C689A}.Release|Any CPU.ActiveCfg = Release|Any CPU
		{1B6D5C65-E541-48FD-8E1D-D4D3103C689A}.Release|Any CPU.Build.0 = Release|Any CPU
		{CE9E2A12-3539-4BEF-BE6D-6D5AD30F5113}.Debug|Any CPU.ActiveCfg = Debug|Any CPU
		{CE9E2A12-3539-4BEF-BE6D-6D5AD30F5113}.Debug|Any CPU.Build.0 = Debug|Any CPU
		{CE9E2A12-3539-4BEF-BE6D-6D5AD30F5113}.Release|Any CPU.ActiveCfg = Release|Any CPU
		{CE9E2A12-3539-4BEF-BE6D-6D5AD30F5113}.Release|Any CPU.Build.0 = Release|Any CPU
		{16FDE05F-95A9-4E15-B6ED-9DCCFBCC0BF5}.Debug|Any CPU.ActiveCfg = Debug|Any CPU
		{16FDE05F-95A9-4E15-B6ED-9DCCFBCC0BF5}.Debug|Any CPU.Build.0 = Debug|Any CPU
		{16FDE05F-95A9-4E15-B6ED-9DCCFBCC0BF5}.Release|Any CPU.ActiveCfg = Release|Any CPU
		{16FDE05F-95A9-4E15-B6ED-9DCCFBCC0BF5}.Release|Any CPU.Build.0 = Release|Any CPU
		{1105568E-C15D-400B-86FA-A01584EC8C67}.Debug|Any CPU.ActiveCfg = Debug|Any CPU
		{1105568E-C15D-400B-86FA-A01584EC8C67}.Debug|Any CPU.Build.0 = Debug|Any CPU
		{1105568E-C15D-400B-86FA-A01584EC8C67}.Release|Any CPU.ActiveCfg = Release|Any CPU
		{1105568E-C15D-400B-86FA-A01584EC8C67}.Release|Any CPU.Build.0 = Release|Any CPU
		{7855DCBC-C055-4343-B277-CED804BC4D24}.Debug|Any CPU.ActiveCfg = Debug|Any CPU
		{7855DCBC-C055-4343-B277-CED804BC4D24}.Debug|Any CPU.Build.0 = Debug|Any CPU
		{7855DCBC-C055-4343-B277-CED804BC4D24}.Release|Any CPU.ActiveCfg = Release|Any CPU
		{7855DCBC-C055-4343-B277-CED804BC4D24}.Release|Any CPU.Build.0 = Release|Any CPU
		{B188163A-41FF-46D7-98D5-E90C5EAA30D1}.Debug|Any CPU.ActiveCfg = Debug|Any CPU
		{B188163A-41FF-46D7-98D5-E90C5EAA30D1}.Debug|Any CPU.Build.0 = Debug|Any CPU
		{B188163A-41FF-46D7-98D5-E90C5EAA30D1}.Release|Any CPU.ActiveCfg = Release|Any CPU
		{B188163A-41FF-46D7-98D5-E90C5EAA30D1}.Release|Any CPU.Build.0 = Release|Any CPU
		{025EEF5D-5925-4DD1-B0BE-37EF57C03787}.Debug|Any CPU.ActiveCfg = Debug|Any CPU
		{025EEF5D-5925-4DD1-B0BE-37EF57C03787}.Debug|Any CPU.Build.0 = Debug|Any CPU
		{025EEF5D-5925-4DD1-B0BE-37EF57C03787}.Release|Any CPU.ActiveCfg = Release|Any CPU
		{025EEF5D-5925-4DD1-B0BE-37EF57C03787}.Release|Any CPU.Build.0 = Release|Any CPU
		{0987046A-EFE8-4EB1-8745-C3741C31347C}.Debug|Any CPU.ActiveCfg = Debug|Any CPU
		{0987046A-EFE8-4EB1-8745-C3741C31347C}.Debug|Any CPU.Build.0 = Debug|Any CPU
		{0987046A-EFE8-4EB1-8745-C3741C31347C}.Release|Any CPU.ActiveCfg = Release|Any CPU
		{0987046A-EFE8-4EB1-8745-C3741C31347C}.Release|Any CPU.Build.0 = Release|Any CPU
	EndGlobalSection
	GlobalSection(SolutionProperties) = preSolution
		HideSolutionNode = FALSE
	EndGlobalSection
	GlobalSection(NestedProjects) = preSolution
		{A90B7DBE-0F31-40AD-8D0E-4715631366B2} = {34837296-42F5-4897-A459-52A4DE4356DF}
		{2A55D2FF-49C4-4885-AB1B-1AAFA2514192} = {A90B7DBE-0F31-40AD-8D0E-4715631366B2}
		{C42645C9-5A8E-42A3-8819-646381AFC367} = {4A19FC19-3EB1-400C-AFDF-F20CEC4038D2}
		{46DF0C69-2F35-4D56-83A4-8BF68103638B} = {C42645C9-5A8E-42A3-8819-646381AFC367}
		{85858637-B7C0-402C-BB06-871C6F15695E} = {A90B7DBE-0F31-40AD-8D0E-4715631366B2}
		{5E44C912-4BAE-4842-81DC-04D1187065AE} = {34837296-42F5-4897-A459-52A4DE4356DF}
		{056852C1-C02C-46D6-AD9F-1703C42BE6A2} = {5E44C912-4BAE-4842-81DC-04D1187065AE}
		{1B6D5C65-E541-48FD-8E1D-D4D3103C689A} = {A90B7DBE-0F31-40AD-8D0E-4715631366B2}
		{CE9E2A12-3539-4BEF-BE6D-6D5AD30F5113} = {C42645C9-5A8E-42A3-8819-646381AFC367}
		{16FDE05F-95A9-4E15-B6ED-9DCCFBCC0BF5} = {A90B7DBE-0F31-40AD-8D0E-4715631366B2}
		{F67D84A0-CFA5-445F-9386-CE5AB9F896AE} = {34837296-42F5-4897-A459-52A4DE4356DF}
		{1105568E-C15D-400B-86FA-A01584EC8C67} = {F67D84A0-CFA5-445F-9386-CE5AB9F896AE}
		{C8E59FED-9D6E-4B0D-BFBE-07D5C920A048} = {4A19FC19-3EB1-400C-AFDF-F20CEC4038D2}
		{7855DCBC-C055-4343-B277-CED804BC4D24} = {C8E59FED-9D6E-4B0D-BFBE-07D5C920A048}
		{B188163A-41FF-46D7-98D5-E90C5EAA30D1} = {F67D84A0-CFA5-445F-9386-CE5AB9F896AE}
		{025EEF5D-5925-4DD1-B0BE-37EF57C03787} = {F67D84A0-CFA5-445F-9386-CE5AB9F896AE}
		{0987046A-EFE8-4EB1-8745-C3741C31347C} = {C8E59FED-9D6E-4B0D-BFBE-07D5C920A048}
	EndGlobalSection
EndGlobal
